
Microsoft Visual Studio Solution File, Format Version 12.00
# Visual Studio Version 17
VisualStudioVersion = 17.8.34316.72
MinimumVisualStudioVersion = 10.0.40219.1
Project("{FAE04EC0-301F-11D3-BF4B-00C04F79EFBC}") = "XO - Game", "XO - Game\XO - Game.csproj", "{FA05894C-57F5-49B1-8B7C-EF3FAB091616}"
EndProject
Global
	GlobalSection(SolutionConfigurationPlatforms) = preSolution
		Debug|Any CPU = Debug|Any CPU
		Release|Any CPU = Release|Any CPU
	EndGlobalSection
	GlobalSection(ProjectConfigurationPlatforms) = postSolution
		{FA05894C-57F5-49B1-8B7C-EF3FAB091616}.Debug|Any CPU.ActiveCfg = Debug|Any CPU
		{FA05894C-57F5-49B1-8B7C-EF3FAB091616}.Debug|Any CPU.Build.0 = Debug|Any CPU
		{FA05894C-57F5-49B1-8B7C-EF3FAB091616}.Release|Any CPU.ActiveCfg = Release|Any CPU
		{FA05894C-57F5-49B1-8B7C-EF3FAB091616}.Release|Any CPU.Build.0 = Release|Any CPU
	EndGlobalSection
	GlobalSection(SolutionProperties) = preSolution
		HideSolutionNode = FALSE
	EndGlobalSection
	GlobalSection(ExtensibilityGlobals) = postSolution
		SolutionGuid = {6311F31A-AA83-44BE-9A41-4965BE5CA5AE}
	EndGlobalSection
EndGlobal
